
Microsoft Visual Studio Solution File, Format Version 12.00
# Visual Studio Version 16
VisualStudioVersion = 16.0.29709.97
MinimumVisualStudioVersion = 10.0.40219.1
Project("{FAE04EC0-301F-11D3-BF4B-00C04F79EFBC}") = "NetCore-TDD", "NetCore-TDD\NetCore-TDD.csproj", "{03E26A8B-765B-4E42-862E-122BEFA67C03}"
EndProject
Global
	GlobalSection(SolutionConfigurationPlatforms) = preSolution
		Debug|Any CPU = Debug|Any CPU
		Release|Any CPU = Release|Any CPU
	EndGlobalSection
	GlobalSection(ProjectConfigurationPlatforms) = postSolution
		{03E26A8B-765B-4E42-862E-122BEFA67C03}.Debug|Any CPU.ActiveCfg = Debug|Any CPU
		{03E26A8B-765B-4E42-862E-122BEFA67C03}.Debug|Any CPU.Build.0 = Debug|Any CPU
		{03E26A8B-765B-4E42-862E-122BEFA67C03}.Release|Any CPU.ActiveCfg = Release|Any CPU
		{03E26A8B-765B-4E42-862E-122BEFA67C03}.Release|Any CPU.Build.0 = Release|Any CPU
	EndGlobalSection
	GlobalSection(SolutionProperties) = preSolution
		HideSolutionNode = FALSE
	EndGlobalSection
	GlobalSection(ExtensibilityGlobals) = postSolution
		SolutionGuid = {CDA1D3B4-A29B-43B9-B4AF-C1E257CBF4F4}
	EndGlobalSection
EndGlobal
